// !$*UTF8*$!
{
	archiveVersion = 1;
	classes = {
	};
	objectVersion = 50;
	objects = {

/* Begin PBXBuildFile section */
		90E8C55921AD97E300161669 /* AppDelegate.swift in Sources */ = {isa = PBXBuildFile; fileRef = 90E8C55821AD97E300161669 /* AppDelegate.swift */; };
		90E8C55B21AD97E300161669 /* ViewController.swift in Sources */ = {isa = PBXBuildFile; fileRef = 90E8C55A21AD97E300161669 /* ViewController.swift */; };
		90E8C55E21AD97E300161669 /* Main.storyboard in Resources */ = {isa = PBXBuildFile; fileRef = 90E8C55C21AD97E300161669 /* Main.storyboard */; };
		90E8C56021AD97E500161669 /* Assets.xcassets in Resources */ = {isa = PBXBuildFile; fileRef = 90E8C55F21AD97E500161669 /* Assets.xcassets */; };
		90E8C56321AD97E500161669 /* LaunchScreen.storyboard in Resources */ = {isa = PBXBuildFile; fileRef = 90E8C56121AD97E500161669 /* LaunchScreen.storyboard */; };
		90E8C56C21AD990B00161669 /* ListCell.swift in Sources */ = {isa = PBXBuildFile; fileRef = 90E8C56A21AD990B00161669 /* ListCell.swift */; };
		90E8C56D21AD990B00161669 /* ListCell.xib in Resources */ = {isa = PBXBuildFile; fileRef = 90E8C56B21AD990B00161669 /* ListCell.xib */; };
/* End PBXBuildFile section */

/* Begin PBXFileReference section */
		90E8C55521AD97E300161669 /* Radio-Checkbox.app */ = {isa = PBXFileReference; explicitFileType = wrapper.application; includeInIndex = 0; path = "Radio-Checkbox.app"; sourceTree = BUILT_PRODUCTS_DIR; };
		90E8C55821AD97E300161669 /* AppDelegate.swift */ = {isa = PBXFileReference; lastKnownFileType = sourcecode.swift; path = AppDelegate.swift; sourceTree = "<group>"; };
		90E8C55A21AD97E300161669 /* ViewController.swift */ = {isa = PBXFileReference; lastKnownFileType = sourcecode.swift; path = ViewController.swift; sourceTree = "<group>"; };
		90E8C55D21AD97E300161669 /* Base */ = {isa = PBXFileReference; lastKnownFileType = file.storyboard; name = Base; path = Base.lproj/Main.storyboard; sourceTree = "<group>"; };
		90E8C55F21AD97E500161669 /* Assets.xcassets */ = {isa = PBXFileReference; lastKnownFileType = folder.assetcatalog; path = Assets.xcassets; sourceTree = "<group>"; };
		90E8C56221AD97E500161669 /* Base */ = {isa = PBXFileReference; lastKnownFileType = file.storyboard; name = Base; path = Base.lproj/LaunchScreen.storyboard; sourceTree = "<group>"; };
		90E8C56421AD97E500161669 /* Info.plist */ = {isa = PBXFileReference; lastKnownFileType = text.plist.xml; path = Info.plist; sourceTree = "<group>"; };
		90E8C56A21AD990B00161669 /* ListCell.swift */ = {isa = PBXFileReference; lastKnownFileType = sourcecode.swift; path = ListCell.swift; sourceTree = "<group>"; };
		90E8C56B21AD990B00161669 /* ListCell.xib */ = {isa = PBXFileReference; lastKnownFileType = file.xib; path = ListCell.xib; sourceTree = "<group>"; };
/* End PBXFileReference section */

/* Begin PBXFrameworksBuildPhase section */
		90E8C55221AD97E300161669 /* Frameworks */ = {
			isa = PBXFrameworksBuildPhase;
			buildActionMask = 2147483647;
			files = (
			);
			runOnlyForDeploymentPostprocessing = 0;
		};
/* End PBXFrameworksBuildPhase section */

/* Begin PBXGroup section */
		90E8C54C21AD97E300161669 = {
			isa = PBXGroup;
			children = (
				90E8C55721AD97E300161669 /* Radio-Checkbox */,
				90E8C55621AD97E300161669 /* Products */,
			);
			sourceTree = "<group>";
		};
		90E8C55621AD97E300161669 /* Products */ = {
			isa = PBXGroup;
			children = (
				90E8C55521AD97E300161669 /* Radio-Checkbox.app */,
			);
			name = Products;
			sourceTree = "<group>";
		};
		90E8C55721AD97E300161669 /* Radio-Checkbox */ = {
			isa = PBXGroup;
			children = (
				90E8C55821AD97E300161669 /* AppDelegate.swift */,
				90E8C55A21AD97E300161669 /* ViewController.swift */,
				90E8C55C21AD97E300161669 /* Main.storyboard */,
				90E8C55F21AD97E500161669 /* Assets.xcassets */,
				90E8C56121AD97E500161669 /* LaunchScreen.storyboard */,
				90E8C56421AD97E500161669 /* Info.plist */,
				90E8C56A21AD990B00161669 /* ListCell.swift */,
				90E8C56B21AD990B00161669 /* ListCell.xib */,
			);
			path = "Radio-Checkbox";
			sourceTree = "<group>";
		};
/* End PBXGroup section */

/* Begin PBXNativeTarget section */
		90E8C55421AD97E300161669 /* Radio-Checkbox */ = {
			isa = PBXNativeTarget;
			buildConfigurationList = 90E8C56721AD97E500161669 /* Build configuration list for PBXNativeTarget "Radio-Checkbox" */;
			buildPhases = (
				90E8C55121AD97E300161669 /* Sources */,
				90E8C55221AD97E300161669 /* Frameworks */,
				90E8C55321AD97E300161669 /* Resources */,
			);
			buildRules = (
			);
			dependencies = (
			);
			name = "Radio-Checkbox";
			productName = "Radio-Checkbox";
			productReference = 90E8C55521AD97E300161669 /* Radio-Checkbox.app */;
			productType = "com.apple.product-type.application";
		};
/* End PBXNativeTarget section */

/* Begin PBXProject section */
		90E8C54D21AD97E300161669 /* Project object */ = {
			isa = PBXProject;
			attributes = {
				LastSwiftUpdateCheck = 1010;
				LastUpgradeCheck = 1010;
				ORGANIZATIONNAME = "Patrick Marshall";
				TargetAttributes = {
					90E8C55421AD97E300161669 = {
						CreatedOnToolsVersion = 10.1;
					};
				};
			};
			buildConfigurationList = 90E8C55021AD97E300161669 /* Build configuration list for PBXProject "Radio-Checkbox" */;
			compatibilityVersion = "Xcode 9.3";
			developmentRegion = en;
			hasScannedForEncodings = 0;
			knownRegions = (
				en,
				Base,
			);
			mainGroup = 90E8C54C21AD97E300161669;
			productRefGroup = 90E8C55621AD97E300161669 /* Products */;
			projectDirPath = "";
			projectRoot = "";
			targets = (
				90E8C55421AD97E300161669 /* Radio-Checkbox */,
			);
		};
/* End PBXProject section */

/* Begin PBXResourcesBuildPhase section */
		90E8C55321AD97E300161669 /* Resources */ = {
			isa = PBXResourcesBuildPhase;
			buildActionMask = 2147483647;
			files = (
				90E8C56321AD97E500161669 /* LaunchScreen.storyboard in Resources */,
				90E8C56D21AD990B00161669 /* ListCell.xib in Resources */,
				90E8C56021AD97E500161669 /* Assets.xcassets in Resources */,
				90E8C55E21AD97E300161669 /* Main.storyboard in Resources */,
			);
			runOnlyForDeploymentPostprocessing = 0;
		};
/* End PBXResourcesBuildPhase section */

/* Begin PBXSourcesBuildPhase section */
		90E8C55121AD97E300161669 /* Sources */ = {
			isa = PBXSourcesBuildPhase;
			buildActionMask = 2147483647;
			files = (
				90E8C56C21AD990B00161669 /* ListCell.swift in Sources */,
				90E8C55B21AD97E300161669 /* ViewController.swift in Sources */,
				90E8C55921AD97E300161669 /* AppDelegate.swift in Sources */,
			);
			runOnlyForDeploymentPostprocessing = 0;
		};
/* End PBXSourcesBuildPhase section */

/* Begin PBXVariantGroup section */
		90E8C55C21AD97E300161669 /* Main.storyboard */ = {
			isa = PBXVariantGroup;
			children = (
				90E8C55D21AD97E300161669 /* Base */,
			);
			name = Main.storyboard;
			sourceTree = "<group>";
		};
		90E8C56121AD97E500161669 /* LaunchScreen.storyboard */ = {
			isa = PBXVariantGroup;
			children = (
				90E8C56221AD97E500161669 /* Base */,
			);
			name = LaunchScreen.storyboard;
			sourceTree = "<group>";
		};
/* End PBXVariantGroup section */

/* Begin XCBuildConfiguration section */
		90E8C56521AD97E500161669 /* Debug */ = {
			isa = XCBuildConfiguration;
			buildSettings = {
				ALWAYS_SEARCH_USER_PATHS = NO;
				CLANG_ANALYZER_NONNULL = YES;
				CLANG_ANALYZER_NUMBER_OBJECT_CONVERSION = YES_AGGRESSIVE;
				CLANG_CXX_LANGUAGE_STANDARD = "gnu++14";
				CLANG_CXX_LIBRARY = "libc++";
				CLANG_ENABLE_MODULES = YES;
				CLANG_ENABLE_OBJC_ARC = YES;
				CLANG_ENABLE_OBJC_WEAK = YES;
				CLANG_WARN_BLOCK_CAPTURE_AUTORELEASING = YES;
				CLANG_WARN_BOOL_CONVERSION = YES;
				CLANG_WARN_COMMA = YES;
				CLANG_WARN_CONSTANT_CONVERSION = YES;
				CLANG_WARN_DEPRECATED_OBJC_IMPLEMENTATIONS = YES;
				CLANG_WARN_DIRECT_OBJC_ISA_USAGE = YES_ERROR;
				CLANG_WARN_DOCUMENTATION_COMMENTS = YES;
				CLANG_WARN_EMPTY_BODY = YES;
				CLANG_WARN_ENUM_CONVERSION = YES;
				CLANG_WARN_INFINITE_RECURSION = YES;
				CLANG_WARN_INT_CONVERSION = YES;
				CLANG_WARN_NON_LITERAL_NULL_CONVERSION = YES;
				CLANG_WARN_OBJC_IMPLICIT_RETAIN_SELF = YES;
				CLANG_WARN_OBJC_LITERAL_CONVERSION = YES;
				CLANG_WARN_OBJC_ROOT_CLASS = YES_ERROR;
				CLANG_WARN_RANGE_LOOP_ANALYSIS = YES;
				CLANG_WARN_STRICT_PROTOTYPES = YES;
				CLANG_WARN_SUSPICIOUS_MOVE = YES;
				CLANG_WARN_UNGUARDED_AVAILABILITY = YES_AGGRESSIVE;
				CLANG_WARN_UNREACHABLE_CODE = YES;
				CLANG_WARN__DUPLICATE_METHOD_MATCH = YES;
				CODE_SIGN_IDENTITY = "iPhone Developer";
				COPY_PHASE_STRIP = NO;
				DEBUG_INFORMATION_FORMAT = dwarf;
				ENABLE_STRICT_OBJC_MSGSEND = YES;
				ENABLE_TESTABILITY = YES;
				GCC_C_LANGUAGE_STANDARD = gnu11;
				GCC_DYNAMIC_NO_PIC = NO;
				GCC_NO_COMMON_BLOCKS = YES;
				GCC_OPTIMIZATION_LEVEL = 0;
				GCC_PREPROCESSOR_DEFINITIONS = (
					"DEBUG=1",
					"$(inherited)",
				);
				GCC_WARN_64_TO_32_BIT_CONVERSION = YES;
				GCC_WARN_ABOUT_RETURN_TYPE = YES_ERROR;
				GCC_WARN_UNDECLARED_SELECTOR = YES;
				GCC_WARN_UNINITIALIZED_AUTOS = YES_AGGRESSIVE;
				GCC_WARN_UNUSED_FUNCTION = YES;
				GCC_WARN_UNUSED_VARIABLE = YES;
				IPHONEOS_DEPLOYMENT_TARGET = 12.1;
				MTL_ENABLE_DEBUG_INFO = INCLUDE_SOURCE;
				MTL_FAST_MATH = YES;
				ONLY_ACTIVE_ARCH = YES;
				SDKROOT = iphoneos;
				SWIFT_ACTIVE_COMPILATION_CONDITIONS = DEBUG;
				SWIFT_OPTIMIZATION_LEVEL = "-Onone";
			};
			name = Debug;
		};
		90E8C56621AD97E500161669 /* Release */ = {
			isa = XCBuildConfiguration;
			buildSettings = {
				ALWAYS_SEARCH_USER_PATHS = NO;
				CLANG_ANALYZER_NONNULL = YES;
				CLANG_ANALYZER_NUMBER_OBJECT_CONVERSION = YES_AGGRESSIVE;
				CLANG_CXX_LANGUAGE_STANDARD = "gnu++14";
				CLANG_CXX_LIBRARY = "libc++";
				CLANG_ENABLE_MODULES = YES;
				CLANG_ENABLE_OBJC_ARC = YES;
				CLANG_ENABLE_OBJC_WEAK = YES;
				CLANG_WARN_BLOCK_CAPTURE_AUTORELEASING = YES;
				CLANG_WARN_BOOL_CONVERSION = YES;
				CLANG_WARN_COMMA = YES;
				CLANG_WARN_CONSTANT_CONVERSION = YES;
				CLANG_WARN_DEPRECATED_OBJC_IMPLEMENTATIONS = YES;
				CLANG_WARN_DIRECT_OBJC_ISA_USAGE = YES_ERROR;
				CLANG_WARN_DOCUMENTATION_COMMENTS = YES;
				CLANG_WARN_EMPTY_BODY = YES;
				CLANG_WARN_ENUM_CONVERSION = YES;
				CLANG_WARN_INFINITE_RECURSION = YES;
				CLANG_WARN_INT_CONVERSION = YES;
				CLANG_WARN_NON_LITERAL_NULL_CONVERSION = YES;
				CLANG_WARN_OBJC_IMPLICIT_RETAIN_SELF = YES;
				CLANG_WARN_OBJC_LITERAL_CONVERSION = YES;
				CLANG_WARN_OBJC_ROOT_CLASS = YES_ERROR;
				CLANG_WARN_RANGE_LOOP_ANALYSIS = YES;
				CLANG_WARN_STRICT_PROTOTYPES = YES;
				CLANG_WARN_SUSPICIOUS_MOVE = YES;
				CLANG_WARN_UNGUARDED_AVAILABILITY = YES_AGGRESSIVE;
				CLANG_WARN_UNREACHABLE_CODE = YES;
				CLANG_WARN__DUPLICATE_METHOD_MATCH = YES;
				CODE_SIGN_IDENTITY = "iPhone Developer";
				COPY_PHASE_STRIP = NO;
				DEBUG_INFORMATION_FORMAT = "dwarf-with-dsym";
				ENABLE_NS_ASSERTIONS = NO;
				ENABLE_STRICT_OBJC_MSGSEND = YES;
				GCC_C_LANGUAGE_STANDARD = gnu11;
				GCC_NO_COMMON_BLOCKS = YES;
				GCC_WARN_64_TO_32_BIT_CONVERSION = YES;
				GCC_WARN_ABOUT_RETURN_TYPE = YES_ERROR;
				GCC_WARN_UNDECLARED_SELECTOR = YES;
				GCC_WARN_UNINITIALIZED_AUTOS = YES_AGGRESSIVE;
				GCC_WARN_UNUSED_FUNCTION = YES;
				GCC_WARN_UNUSED_VARIABLE = YES;
				IPHONEOS_DEPLOYMENT_TARGET = 12.1;
				MTL_ENABLE_DEBUG_INFO = NO;
				MTL_FAST_MATH = YES;
				SDKROOT = iphoneos;
				SWIFT_COMPILATION_MODE = wholemodule;
				SWIFT_OPTIMIZATION_LEVEL = "-O";
				VALIDATE_PRODUCT = YES;
			};
			name = Release;
		};
		90E8C56821AD97E500161669 /* Debug */ = {
			isa = XCBuildConfiguration;
			buildSettings = {
				ASSETCATALOG_COMPILER_APPICON_NAME = AppIcon;
				CODE_SIGN_STYLE = Automatic;
				INFOPLIST_FILE = "Radio-Checkbox/Info.plist";
				LD_RUNPATH_SEARCH_PATHS = (
					"$(inherited)",
					"@executable_path/Frameworks",
				);
				PRODUCT_BUNDLE_IDENTIFIER = "com.bukalapak.Radio-Checkbox";
				PRODUCT_NAME = "$(TARGET_NAME)";
				SWIFT_VERSION = 4.2;
				TARGETED_DEVICE_FAMILY = "1,2";
			};
			name = Debug;
		};
		90E8C56921AD97E500161669 /* Release */ = {
			isa = XCBuildConfiguration;
			buildSettings = {
				ASSETCATALOG_COMPILER_APPICON_NAME = AppIcon;
				CODE_SIGN_STYLE = Automatic;
				INFOPLIST_FILE = "Radio-Checkbox/Info.plist";
				LD_RUNPATH_SEARCH_PATHS = (
					"$(inherited)",
					"@executable_path/Frameworks",
				);
				PRODUCT_BUNDLE_IDENTIFIER = "com.bukalapak.Radio-Checkbox";
				PRODUCT_NAME = "$(TARGET_NAME)";
				SWIFT_VERSION = 4.2;
				TARGETED_DEVICE_FAMILY = "1,2";
			};
			name = Release;
		};
/* End XCBuildConfiguration section */

/* Begin XCConfigurationList section */
		90E8C55021AD97E300161669 /* Build configuration list for PBXProject "Radio-Checkbox" */ = {
			isa = XCConfigurationList;
			buildConfigurations = (
				90E8C56521AD97E500161669 /* Debug */,
				90E8C56621AD97E500161669 /* Release */,
			);
			defaultConfigurationIsVisible = 0;
			defaultConfigurationName = Release;
		};
		90E8C56721AD97E500161669 /* Build configuration list for PBXNativeTarget "Radio-Checkbox" */ = {
			isa = XCConfigurationList;
			buildConfigurations = (
				90E8C56821AD97E500161669 /* Debug */,
				90E8C56921AD97E500161669 /* Release */,
			);
			defaultConfigurationIsVisible = 0;
			defaultConfigurationName = Release;
		};
/* End XCConfigurationList section */
	};
	rootObject = 90E8C54D21AD97E300161669 /* Project object */;
}
